
Microsoft Visual Studio Solution File, Format Version 12.00
# Visual Studio Version 16
VisualStudioVersion = 16.0.30128.74
MinimumVisualStudioVersion = 10.0.40219.1
Project("{FAE04EC0-301F-11D3-BF4B-00C04F79EFBC}") = "myFacility.Web", "myFacility.Web\myFacility.Web.csproj", "{24C0B73B-B572-444A-BA92-A57A0E916E2E}"
EndProject
Project("{FAE04EC0-301F-11D3-BF4B-00C04F79EFBC}") = "myFacility.Infrastructure", "myFacility.Infrastructure\myFacility.Infrastructure.csproj", "{DAD0A75E-4F91-40FF-9E6F-56A74CFC89CE}"
EndProject
Project("{FAE04EC0-301F-11D3-BF4B-00C04F79EFBC}") = "myFacility.Models", "myFacility.Models\myFacility.Models.csproj", "{C89B4CCE-628B-45AF-8C26-8E3E9E6F17EA}"
EndProject
Project("{FAE04EC0-301F-11D3-BF4B-00C04F79EFBC}") = "myFacility.Services", "myFacility.Services\myFacility.Services.csproj", "{12AC20CF-9756-4477-98BD-8FDB6ECBC5CA}"
EndProject
Project("{FAE04EC0-301F-11D3-BF4B-00C04F79EFBC}") = "myFacility.Utilities", "myFacility.Utilities\myFacility.Utilities.csproj", "{462F2E84-4321-4528-B4E2-E26A88E4F73D}"
EndProject
Global
	GlobalSection(SolutionConfigurationPlatforms) = preSolution
		Debug|Any CPU = Debug|Any CPU
		Release|Any CPU = Release|Any CPU
	EndGlobalSection
	GlobalSection(ProjectConfigurationPlatforms) = postSolution
		{24C0B73B-B572-444A-BA92-A57A0E916E2E}.Debug|Any CPU.ActiveCfg = Debug|Any CPU
		{24C0B73B-B572-444A-BA92-A57A0E916E2E}.Debug|Any CPU.Build.0 = Debug|Any CPU
		{24C0B73B-B572-444A-BA92-A57A0E916E2E}.Release|Any CPU.ActiveCfg = Release|Any CPU
		{24C0B73B-B572-444A-BA92-A57A0E916E2E}.Release|Any CPU.Build.0 = Release|Any CPU
		{DAD0A75E-4F91-40FF-9E6F-56A74CFC89CE}.Debug|Any CPU.ActiveCfg = Debug|Any CPU
		{DAD0A75E-4F91-40FF-9E6F-56A74CFC89CE}.Debug|Any CPU.Build.0 = Debug|Any CPU
		{DAD0A75E-4F91-40FF-9E6F-56A74CFC89CE}.Release|Any CPU.ActiveCfg = Release|Any CPU
		{DAD0A75E-4F91-40FF-9E6F-56A74CFC89CE}.Release|Any CPU.Build.0 = Release|Any CPU
		{C89B4CCE-628B-45AF-8C26-8E3E9E6F17EA}.Debug|Any CPU.ActiveCfg = Debug|Any CPU
		{C89B4CCE-628B-45AF-8C26-8E3E9E6F17EA}.Debug|Any CPU.Build.0 = Debug|Any CPU
		{C89B4CCE-628B-45AF-8C26-8E3E9E6F17EA}.Release|Any CPU.ActiveCfg = Release|Any CPU
		{C89B4CCE-628B-45AF-8C26-8E3E9E6F17EA}.Release|Any CPU.Build.0 = Release|Any CPU
		{12AC20CF-9756-4477-98BD-8FDB6ECBC5CA}.Debug|Any CPU.ActiveCfg = Debug|Any CPU
		{12AC20CF-9756-4477-98BD-8FDB6ECBC5CA}.Debug|Any CPU.Build.0 = Debug|Any CPU
		{12AC20CF-9756-4477-98BD-8FDB6ECBC5CA}.Release|Any CPU.ActiveCfg = Release|Any CPU
		{12AC20CF-9756-4477-98BD-8FDB6ECBC5CA}.Release|Any CPU.Build.0 = Release|Any CPU
		{462F2E84-4321-4528-B4E2-E26A88E4F73D}.Debug|Any CPU.ActiveCfg = Debug|Any CPU
		{462F2E84-4321-4528-B4E2-E26A88E4F73D}.Debug|Any CPU.Build.0 = Debug|Any CPU
		{462F2E84-4321-4528-B4E2-E26A88E4F73D}.Release|Any CPU.ActiveCfg = Release|Any CPU
		{462F2E84-4321-4528-B4E2-E26A88E4F73D}.Release|Any CPU.Build.0 = Release|Any CPU
	EndGlobalSection
	GlobalSection(SolutionProperties) = preSolution
		HideSolutionNode = FALSE
	EndGlobalSection
	GlobalSection(ExtensibilityGlobals) = postSolution
		SolutionGuid = {84117103-4875-4886-8D3E-6C5D0C9EC43F}
	EndGlobalSection
EndGlobal
